
Microsoft Visual Studio Solution File, Format Version 12.00
# Visual Studio Version 17
VisualStudioVersion = 17.1.32210.238
MinimumVisualStudioVersion = 10.0.40219.1
Project("{FAE04EC0-301F-11D3-BF4B-00C04F79EFBC}") = "BarotraumaSaveFileBackup.App", "BarotraumaSaveFileBackup.App\BarotraumaSaveFileBackup.App.csproj", "{32FCDC14-7690-4510-A018-FE4A33B7A62C}"
EndProject
Global
	GlobalSection(SolutionConfigurationPlatforms) = preSolution
		Debug|Any CPU = Debug|Any CPU
		Release|Any CPU = Release|Any CPU
	EndGlobalSection
	GlobalSection(ProjectConfigurationPlatforms) = postSolution
		{32FCDC14-7690-4510-A018-FE4A33B7A62C}.Debug|Any CPU.ActiveCfg = Debug|Any CPU
		{32FCDC14-7690-4510-A018-FE4A33B7A62C}.Debug|Any CPU.Build.0 = Debug|Any CPU
		{32FCDC14-7690-4510-A018-FE4A33B7A62C}.Release|Any CPU.ActiveCfg = Release|Any CPU
		{32FCDC14-7690-4510-A018-FE4A33B7A62C}.Release|Any CPU.Build.0 = Release|Any CPU
	EndGlobalSection
	GlobalSection(SolutionProperties) = preSolution
		HideSolutionNode = FALSE
	EndGlobalSection
	GlobalSection(ExtensibilityGlobals) = postSolution
		SolutionGuid = {534E7C03-9AB9-409E-873C-79EB38D990BB}
	EndGlobalSection
EndGlobal
